<?xml version="1.0" encoding="utf-8"?>
<Project ToolsVersion="4.0" xmlns="http://schemas.microsoft.com/developer/msbuild/2003">
  <ItemGroup>
    <ClCompile Include="main.cpp" />
    <ClCompile Include="pch.cpp" />
    <ClCompile Include="RequestExecutorAndDBsTests.cpp">
      <Filter>test_suits</Filter>
    </ClCompile>
    <ClCompile Include="definitions.cpp" />
    <ClCompile Include="BasicDocumentCommandsTests.cpp">
      <Filter>test_suits</Filter>
    </ClCompile>
    <ClCompile Include="GetDocumentsCommandTests.cpp">
      <Filter>test_suits</Filter>
    </ClCompile>
    <ClCompile Include="IndexOperationsTests.cpp">
      <Filter>test_suits</Filter>
    </ClCompile>
    <ClCompile Include="SecuredRequestExecutorTests.cpp">
      <Filter>test_suits</Filter>
    </ClCompile>
    <ClCompile Include="BasicQueryTests.cpp">
      <Filter>test_suits</Filter>
    </ClCompile>
    <ClCompile Include="BasicPatchTests.cpp">
      <Filter>test_suits</Filter>
    </ClCompile>
    <ClCompile Include="AdvancedPatchingTests.cpp">
      <Filter>test_suits</Filter>
    </ClCompile>
    <ClCompile Include="BasicDocumentsSessionTests.cpp">
      <Filter>test_suits</Filter>
    </ClCompile>
  </ItemGroup>
  <ItemGroup>
    <ClInclude Include="definitions.h" />
    <ClInclude Include="pch.h" />
    <ClInclude Include="CreateSampleDataOperation.h" />
    <ClInclude Include="User.h" />
  </ItemGroup>
  <ItemGroup>
    <None Include="packages.config" />
  </ItemGroup>
  <ItemGroup>
    <Filter Include="test_suits">
      <UniqueIdentifier>{e60f1d61-bd60-4c99-869a-6c04c738644c}</UniqueIdentifier>
    </Filter>
    <Filter Include="configurations">
      <UniqueIdentifier>{f5a6f89b-6952-4958-ac46-82e28099fa9f}</UniqueIdentifier>
    </Filter>
  </ItemGroup>
  <ItemGroup>
    <Text Include="..\secured_re.txt">
      <Filter>configurations</Filter>
    </Text>
    <Text Include="..\unsecured_re.txt">
      <Filter>configurations</Filter>
    </Text>
  </ItemGroup>
</Project>