<?xml version="1.0" encoding="utf-8"?>
<Project ToolsVersion="4.0" xmlns="http://schemas.microsoft.com/developer/msbuild/2003">
  <ItemGroup>
    <ClCompile Include="main.cpp" />
    <ClCompile Include="pch.cpp" />
    <ClCompile Include="re_definitions.cpp">
      <Filter>ravendb.client.tests\definitions%28for old test%29</Filter>
    </ClCompile>
    <ClCompile Include="RequestExecutorAndDBsTests.cpp">
      <Filter>ravendb.client.tests\old C++ client tests\RequestExecutor</Filter>
    </ClCompile>
    <ClCompile Include="SecuredRequestExecutorTests.cpp">
      <Filter>ravendb.client.tests\old C++ client tests\RequestExecutor</Filter>
    </ClCompile>
    <ClCompile Include="ds_definitions.cpp">
      <Filter>ravendb.client.tests\definitions%28for old test%29</Filter>
    </ClCompile>
    <ClCompile Include="BasicDocumentCommandsTests.cpp">
      <Filter>ravendb.client.tests\old C++ client tests</Filter>
    </ClCompile>
    <ClCompile Include="BasicDocumentsSessionTests.cpp">
      <Filter>ravendb.client.tests\old C++ client tests</Filter>
    </ClCompile>
    <ClCompile Include="BasicPatchTests.cpp">
      <Filter>ravendb.client.tests\old C++ client tests</Filter>
    </ClCompile>
    <ClCompile Include="BasicQueryTests.cpp">
      <Filter>ravendb.client.tests\old C++ client tests</Filter>
    </ClCompile>
    <ClCompile Include="GetDocumentsCommandTests.cpp">
      <Filter>ravendb.client.tests\old C++ client tests</Filter>
    </ClCompile>
    <ClCompile Include="LoadTest.cpp">
      <Filter>ravendb.client.tests\test\client\documents</Filter>
    </ClCompile>
    <ClCompile Include="LoadTests.cpp">
      <Filter>ravendb.client.tests\test\client</Filter>
    </ClCompile>
    <ClCompile Include="CreateSampleDataOperation.cpp">
      <Filter>ravendb.client.tests\infrastructure</Filter>
    </ClCompile>
    <ClCompile Include="DeleteTest.cpp">
      <Filter>ravendb.client.tests\test\client</Filter>
    </ClCompile>
    <ClCompile Include="CrudTest.cpp">
      <Filter>ravendb.client.tests\test\client</Filter>
    </ClCompile>
    <ClCompile Include="test_utils.cpp">
      <Filter>ravendb.client.tests\infrastructure\utils</Filter>
    </ClCompile>
    <ClCompile Include="TrackEntityTest.cpp">
      <Filter>ravendb.client.tests\test\client</Filter>
    </ClCompile>
    <ClCompile Include="WhatChangedTest.cpp">
      <Filter>ravendb.client.tests\test\client</Filter>
    </ClCompile>
    <ClCompile Include="HttpsTest.cpp">
      <Filter>ravendb.client.tests\test\client</Filter>
    </ClCompile>
    <ClCompile Include="QueryTest.cpp">
      <Filter>ravendb.client.tests\test\client</Filter>
    </ClCompile>
    <ClCompile Include="FirstClassPatchTest.cpp">
      <Filter>ravendb.client.tests\test\client</Filter>
    </ClCompile>
    <ClCompile Include="LazyTest.cpp">
      <Filter>ravendb.client.tests\test\client\lazy</Filter>
    </ClCompile>
    <ClCompile Include="DocumentIdPropertyTest.cpp">
      <Filter>ravendb.client.tests\test\client\documents</Filter>
    </ClCompile>
    <ClCompile Include="HiLoTest.cpp">
      <Filter>ravendb.client.tests\test\client</Filter>
    </ClCompile>
    <ClCompile Include="RavenTestDriver.cpp">
      <Filter>ravendb.client.tests\driver</Filter>
    </ClCompile>
    <ClCompile Include="raven_test_definitions.cpp">
      <Filter>ravendb.client.tests\infrastructure</Filter>
    </ClCompile>
    <ClCompile Include="ConnectionDetailsHolder.cpp">
      <Filter>ravendb.client.tests\infrastructure</Filter>
    </ClCompile>
    <ClCompile Include="DeleteDocumentCommandTest.cpp">
      <Filter>ravendb.client.tests\test\client\documents\commands</Filter>
    </ClCompile>
    <ClCompile Include="GetNextOperationIdCommandTest.cpp">
      <Filter>ravendb.client.tests\test\client\documents\commands</Filter>
    </ClCompile>
    <ClCompile Include="GetStatisticsCommandTest.cpp">
      <Filter>ravendb.client.tests\test\client\documents\commands</Filter>
    </ClCompile>
    <ClCompile Include="PutDocumentCommandTest.cpp">
      <Filter>ravendb.client.tests\test\client\documents\commands</Filter>
    </ClCompile>
    <ClCompile Include="ClientConfigurationTest.cpp">
      <Filter>ravendb.client.tests\test\client\documents\operations\configuration</Filter>
    </ClCompile>
    <ClCompile Include="IndexesFromClientTest.cpp">
      <Filter>ravendb.client.tests\test\client\indexing</Filter>
    </ClCompile>
    <ClCompile Include="IndexOperationsTest.cpp">
      <Filter>ravendb.client.tests\test\client\documents\operations\indexes</Filter>
    </ClCompile>
    <ClCompile Include="IndexOperationsTestsOld.cpp">
      <Filter>ravendb.client.tests\old C++ client tests</Filter>
    </ClCompile>
    <ClCompile Include="SimpleMultiMapTest.cpp">
      <Filter>ravendb.client.tests\test\bugs</Filter>
    </ClCompile>
    <ClCompile Include="JavaScriptIndexTest.cpp">
      <Filter>ravendb.client.tests\test\client\indexing</Filter>
    </ClCompile>
    <ClCompile Include="BoundingBoxIndexTest.cpp">
      <Filter>ravendb.client.tests\test\spatial</Filter>
    </ClCompile>
    <ClCompile Include="RavenDB_8761.cpp">
      <Filter>ravendb.client.tests\test\server\documents\indexing.auto</Filter>
    </ClCompile>
    <ClCompile Include="LoadAllStartingWith.cpp">
      <Filter>ravendb.client.tests\test\mailing_list</Filter>
    </ClCompile>
    <ClCompile Include="ExistsTest.cpp">
      <Filter>ravendb.client.tests\test\client</Filter>
    </ClCompile>
    <ClCompile Include="RequestExecutorTest.cpp">
      <Filter>ravendb.client.tests\test\client\executor</Filter>
    </ClCompile>
    <ClCompile Include="AttachmentsSessionTest.cpp">
      <Filter>ravendb.client.tests\test\client\attachments</Filter>
    </ClCompile>
    <ClCompile Include="AdvancedPatchingTestsOld.cpp">
      <Filter>ravendb.client.tests\old C++ client tests</Filter>
    </ClCompile>
    <ClCompile Include="CachingOfDocumentInclude.cpp">
      <Filter>ravendb.client.tests\test\bugs\caching</Filter>
    </ClCompile>
    <ClCompile Include="CanGetBuildNumberTest.cpp">
      <Filter>ravendb.client.tests\test\client\documents\commands</Filter>
    </ClCompile>
    <ClCompile Include="ReorderDatabaseMembersTest.cpp">
      <Filter>ravendb.client.tests\test\client\documents\commands</Filter>
    </ClCompile>
    <ClCompile Include="DeleteByQueryTest.cpp">
      <Filter>ravendb.client.tests\test\client\documents\operations</Filter>
    </ClCompile>
    <ClCompile Include="GetClusterTopologyTest.cpp">
      <Filter>ravendb.client.tests\test\serverwide.commands</Filter>
    </ClCompile>
    <ClCompile Include="GetDatabaseRecordTest.cpp">
      <Filter>ravendb.client.tests\test\serverwide.commands</Filter>
    </ClCompile>
    <ClCompile Include="BasicDocumentsTest.cpp">
      <Filter>ravendb.client.tests\test\client\documents</Filter>
    </ClCompile>
    <ClCompile Include="DetectIndexTypeTest.cpp">
      <Filter>ravendb.client.tests\test\client\indexing</Filter>
    </ClCompile>
    <ClCompile Include="RavenDB903Test.cpp">
      <Filter>ravendb.client.tests\test\client\issues</Filter>
    </ClCompile>
    <ClCompile Include="RavenDB_5669Test.cpp">
      <Filter>ravendb.client.tests\test\client\issues</Filter>
    </ClCompile>
    <ClCompile Include="RegexQueryTest.cpp">
      <Filter>ravendb.client.tests\test\client\queries</Filter>
    </ClCompile>
    <ClCompile Include="RavenDB_9676Test.cpp">
      <Filter>ravendb.client.tests\test\client\spatial</Filter>
    </ClCompile>
    <ClCompile Include="SimonBartlettTest.cpp">
      <Filter>ravendb.client.tests\test\client\spatial</Filter>
    </ClCompile>
    <ClCompile Include="SpatialQueriesTest.cpp">
      <Filter>ravendb.client.tests\test\client\spatial</Filter>
    </ClCompile>
    <ClCompile Include="SpatialSearchTest.cpp">
      <Filter>ravendb.client.tests\test\client\spatial</Filter>
    </ClCompile>
    <ClCompile Include="SpatialSortingTest.cpp">
      <Filter>ravendb.client.tests\test\client\spatial</Filter>
    </ClCompile>
    <ClCompile Include="SpatialTest.cpp">
      <Filter>ravendb.client.tests\test\client\spatial</Filter>
    </ClCompile>
    <ClCompile Include="ContainsTest.cpp">
      <Filter>ravendb.client.tests\test\client</Filter>
    </ClCompile>
    <ClCompile Include="CompactTest.cpp">
      <Filter>ravendb.client.tests\test\client</Filter>
    </ClCompile>
    <ClCompile Include="PatchTest.cpp">
      <Filter>ravendb.client.tests\test\client</Filter>
    </ClCompile>
    <ClCompile Include="StoreTest.cpp">
      <Filter>ravendb.client.tests\test\client</Filter>
    </ClCompile>
    <ClCompile Include="HighlightesTest.cpp">
      <Filter>ravendb.client.tests\test\querying</Filter>
    </ClCompile>
    <ClCompile Include="AdvancedPatchingTest.cpp">
      <Filter>ravendb.client.tests\test\server\patching</Filter>
    </ClCompile>
    <ClCompile Include="DatabasesTest.cpp">
      <Filter>ravendb.client.tests\test\server</Filter>
    </ClCompile>
    <ClCompile Include="PromoteDatabaseTest.cpp">
      <Filter>ravendb.client.tests\test\server</Filter>
    </ClCompile>
    <ClCompile Include="RavenDB_12169Test.cpp">
      <Filter>ravendb.client.tests\test\issues</Filter>
    </ClCompile>
    <ClCompile Include="RavenDB_6558Test.cpp">
      <Filter>ravendb.client.tests\test\issues</Filter>
    </ClCompile>
    <ClCompile Include="RavenDB_9587Test.cpp">
      <Filter>ravendb.client.tests\test\issues</Filter>
    </ClCompile>
    <ClCompile Include="RavenDB_10566Test.cpp">
      <Filter>ravendb.client.tests\test\issues</Filter>
    </ClCompile>
    <ClCompile Include="RavenDB_9745Test.cpp">
      <Filter>ravendb.client.tests\test\issues</Filter>
    </ClCompile>
    <ClCompile Include="RavenDB_10638Test.cpp">
      <Filter>ravendb.client.tests\test\issues</Filter>
    </ClCompile>
    <ClCompile Include="RavenDB_10641Test.cpp">
      <Filter>ravendb.client.tests\test\issues</Filter>
    </ClCompile>
    <ClCompile Include="RavenDB_10929Test.cpp">
      <Filter>ravendb.client.tests\test\issues</Filter>
    </ClCompile>
    <ClCompile Include="RavenDB_12790Test.cpp">
      <Filter>ravendb.client.tests\test\issues</Filter>
    </ClCompile>
    <ClCompile Include="RavenDB_13034Test.cpp">
      <Filter>ravendb.client.tests\test\issues</Filter>
    </ClCompile>
    <ClCompile Include="RavenDB_11649Test.cpp">
      <Filter>ravendb.client.tests\test\issues</Filter>
    </ClCompile>
    <ClCompile Include="RavenDB_11552Test.cpp">
      <Filter>ravendb.client.tests\test\issues</Filter>
    </ClCompile>
    <ClCompile Include="RavenDB_11058Test.cpp">
      <Filter>ravendb.client.tests\test\issues</Filter>
    </ClCompile>
    <ClCompile Include="RavenDB_8328Test.cpp">
      <Filter>ravendb.client.tests\test\issues</Filter>
    </ClCompile>
  </ItemGroup>
  <ItemGroup>
    <ClInclude Include="pch.h" />
    <ClInclude Include="re_definitions.h">
      <Filter>ravendb.client.tests\definitions%28for old test%29</Filter>
    </ClInclude>
    <ClInclude Include="ds_definitions.h">
      <Filter>ravendb.client.tests\definitions%28for old test%29</Filter>
    </ClInclude>
    <ClInclude Include="User.h">
      <Filter>ravendb.client.tests\infrastructure\entities</Filter>
    </ClInclude>
    <ClInclude Include="CreateSampleDataOperation.h">
      <Filter>ravendb.client.tests\infrastructure</Filter>
    </ClInclude>
    <ClInclude Include="Family.h">
      <Filter>ravendb.client.tests\infrastructure\entities</Filter>
    </ClInclude>
    <ClInclude Include="Arr.h">
      <Filter>ravendb.client.tests\infrastructure\entities</Filter>
    </ClInclude>
    <ClInclude Include="NullableUser.h">
      <Filter>ravendb.client.tests\infrastructure\entities</Filter>
    </ClInclude>
    <ClInclude Include="Poc.h">
      <Filter>ravendb.client.tests\infrastructure\entities</Filter>
    </ClInclude>
    <ClInclude Include="GeekPerson.h">
      <Filter>ravendb.client.tests\infrastructure\entities</Filter>
    </ClInclude>
    <ClInclude Include="Address.h">
      <Filter>ravendb.client.tests\infrastructure\entities</Filter>
    </ClInclude>
    <ClInclude Include="CompanyType.h">
      <Filter>ravendb.client.tests\infrastructure\entities</Filter>
    </ClInclude>
    <ClInclude Include="Company.h">
      <Filter>ravendb.client.tests\infrastructure\entities</Filter>
    </ClInclude>
    <ClInclude Include="Contact.h">
      <Filter>ravendb.client.tests\infrastructure\entities</Filter>
    </ClInclude>
    <ClInclude Include="Employee.h">
      <Filter>ravendb.client.tests\infrastructure\entities</Filter>
    </ClInclude>
    <ClInclude Include="OrderLine.h">
      <Filter>ravendb.client.tests\infrastructure\entities</Filter>
    </ClInclude>
    <ClInclude Include="Order.h">
      <Filter>ravendb.client.tests\infrastructure\entities</Filter>
    </ClInclude>
    <ClInclude Include="Person.h">
      <Filter>ravendb.client.tests\infrastructure\entities</Filter>
    </ClInclude>
    <ClInclude Include="Post.h">
      <Filter>ravendb.client.tests\infrastructure\entities</Filter>
    </ClInclude>
    <ClInclude Include="test_utils.h">
      <Filter>ravendb.client.tests\infrastructure\utils</Filter>
    </ClInclude>
    <ClInclude Include="RavenTestDriver.h">
      <Filter>ravendb.client.tests\driver</Filter>
    </ClInclude>
    <ClInclude Include="raven_test_definitions.h">
      <Filter>ravendb.client.tests\infrastructure</Filter>
    </ClInclude>
    <ClInclude Include="ConnectionDetailsHolder.h">
      <Filter>ravendb.client.tests\infrastructure</Filter>
    </ClInclude>
  </ItemGroup>
  <ItemGroup>
    <None Include="packages.config" />
  </ItemGroup>
  <ItemGroup>
    <Filter Include="ravendb.client.tests">
      <UniqueIdentifier>{c51acc5f-7362-496b-ae4d-8a61ddf03933}</UniqueIdentifier>
    </Filter>
    <Filter Include="ravendb.client.tests\infrastructure">
      <UniqueIdentifier>{0d4619b8-6ef3-432f-bd23-9e3b1c2b9028}</UniqueIdentifier>
    </Filter>
    <Filter Include="ravendb.client.tests\infrastructure\entities">
      <UniqueIdentifier>{6287136a-e536-4a91-baae-25e9232576b8}</UniqueIdentifier>
    </Filter>
    <Filter Include="ravendb.client.tests\test">
      <UniqueIdentifier>{e60f1d61-bd60-4c99-869a-6c04c738644c}</UniqueIdentifier>
    </Filter>
    <Filter Include="ravendb.client.tests\test\client">
      <UniqueIdentifier>{9c644875-0be0-4418-b505-961724366078}</UniqueIdentifier>
    </Filter>
    <Filter Include="ravendb.client.tests\test\client\documents">
      <UniqueIdentifier>{e938cbab-71e6-48d6-a273-c97380f445c8}</UniqueIdentifier>
    </Filter>
    <Filter Include="ravendb.client.tests\infrastructure\utils">
      <UniqueIdentifier>{33363449-c257-4b7c-acb3-ea205e91209a}</UniqueIdentifier>
    </Filter>
    <Filter Include="ravendb.client.tests\test\client\lazy">
      <UniqueIdentifier>{9e04d126-2840-4531-acc8-e423203df8a8}</UniqueIdentifier>
    </Filter>
    <Filter Include="ravendb.client.tests\driver">
      <UniqueIdentifier>{2ad4695f-8971-4347-9e43-18f68b4fc0fa}</UniqueIdentifier>
    </Filter>
    <Filter Include="ravendb.client.tests\old C++ client tests">
      <UniqueIdentifier>{7c4395f2-2ac4-4def-bfe1-e0bbd1041d6b}</UniqueIdentifier>
    </Filter>
    <Filter Include="ravendb.client.tests\old C++ client tests\RequestExecutor">
      <UniqueIdentifier>{fed010f5-d988-46d5-a578-09fdda2ece62}</UniqueIdentifier>
    </Filter>
    <Filter Include="ravendb.client.tests\test\client\documents\commands">
      <UniqueIdentifier>{0d4a2f21-e825-47c8-869b-30c01817d6c4}</UniqueIdentifier>
    </Filter>
    <Filter Include="ravendb.client.tests\definitions%28for old test%29">
      <UniqueIdentifier>{21ed43ff-ed6d-4099-8d0c-6d9750d409f4}</UniqueIdentifier>
    </Filter>
    <Filter Include="ravendb.client.tests\test\client\documents\operations">
      <UniqueIdentifier>{da73f6af-c44b-4def-9c31-9cd2d75f8403}</UniqueIdentifier>
    </Filter>
    <Filter Include="ravendb.client.tests\test\client\documents\operations\configuration">
      <UniqueIdentifier>{3b2eb90b-93fa-4f5a-ba15-d3fc28b2fa0c}</UniqueIdentifier>
    </Filter>
    <Filter Include="ravendb.client.tests\test\client\indexing">
      <UniqueIdentifier>{ce53669c-39ab-4127-b136-093e31be57b4}</UniqueIdentifier>
    </Filter>
    <Filter Include="ravendb.client.tests\test\client\documents\operations\indexes">
      <UniqueIdentifier>{87664393-ade6-4d64-bccf-eb2d827cc53c}</UniqueIdentifier>
    </Filter>
    <Filter Include="ravendb.client.tests\test\bugs">
      <UniqueIdentifier>{a1c05843-32b1-49d0-8c8f-a705c88f8e6a}</UniqueIdentifier>
    </Filter>
    <Filter Include="ravendb.client.tests\test\spatial">
      <UniqueIdentifier>{77a61a99-1d65-4c81-ae8b-c579572b5517}</UniqueIdentifier>
    </Filter>
    <Filter Include="ravendb.client.tests\test\server">
      <UniqueIdentifier>{652658fd-b4da-4e3f-9d20-04a3af13e4ec}</UniqueIdentifier>
    </Filter>
    <Filter Include="ravendb.client.tests\test\server\documents">
      <UniqueIdentifier>{6f6ddc00-43af-487f-a124-e7f8a2c4ba1a}</UniqueIdentifier>
    </Filter>
    <Filter Include="ravendb.client.tests\test\server\documents\indexing.auto">
      <UniqueIdentifier>{72533e03-d472-43e1-af22-8019b79c8418}</UniqueIdentifier>
    </Filter>
    <Filter Include="ravendb.client.tests\test\mailing_list">
      <UniqueIdentifier>{6ebff97a-1276-4d19-a2b1-274d092ef224}</UniqueIdentifier>
    </Filter>
    <Filter Include="ravendb.client.tests\test\client\executor">
      <UniqueIdentifier>{27323337-f93a-4846-a074-32aa112bf800}</UniqueIdentifier>
    </Filter>
    <Filter Include="ravendb.client.tests\test\client\attachments">
      <UniqueIdentifier>{21e4969e-9228-4d37-a3f1-4740b38068d0}</UniqueIdentifier>
    </Filter>
    <Filter Include="ravendb.client.tests\test\bugs\caching">
      <UniqueIdentifier>{75da632d-471a-4ec2-8bd2-f48f8ecd73be}</UniqueIdentifier>
    </Filter>
    <Filter Include="ravendb.client.tests\test\serverwide.commands">
      <UniqueIdentifier>{55f8c5f7-2ad5-4f1c-8c07-6c75a8bb2f67}</UniqueIdentifier>
    </Filter>
    <Filter Include="ravendb.client.tests\test\client\issues">
      <UniqueIdentifier>{cb1e7d33-3204-4ef0-be3b-54700d6bf95e}</UniqueIdentifier>
    </Filter>
    <Filter Include="ravendb.client.tests\test\client\queries">
      <UniqueIdentifier>{c1b467e8-dd31-447e-94b6-c813916d6f4e}</UniqueIdentifier>
    </Filter>
    <Filter Include="ravendb.client.tests\test\client\spatial">
      <UniqueIdentifier>{1f87a78c-5fff-4945-8511-c2ef3ea25524}</UniqueIdentifier>
    </Filter>
    <Filter Include="ravendb.client.tests\test\querying">
      <UniqueIdentifier>{2e895f84-5363-41c3-b0e1-7dfbd267e399}</UniqueIdentifier>
    </Filter>
    <Filter Include="ravendb.client.tests\test\server\patching">
      <UniqueIdentifier>{f8137986-bfbb-498e-a594-d1c896624206}</UniqueIdentifier>
    </Filter>
    <Filter Include="ravendb.client.tests\test\issues">
      <UniqueIdentifier>{1c222a05-b44d-40f8-bfe4-ef67d6864df4}</UniqueIdentifier>
    </Filter>
  </ItemGroup>
</Project>