<?xml version="1.0" encoding="utf-8"?>
<Project ToolsVersion="4.0" xmlns="http://schemas.microsoft.com/developer/msbuild/2003">
  <ItemGroup>
    <ClCompile Include="RequestExecutor.cpp">
      <Filter>ravendb.client\http</Filter>
    </ClCompile>
    <ClCompile Include="utils.cpp">
      <Filter>ravendb.client\impl</Filter>
    </ClCompile>
    <ClCompile Include="stdafx.cpp" />
    <ClCompile Include="EntityToJson.cpp">
      <Filter>ravendb.client\documents\session</Filter>
    </ClCompile>
    <ClCompile Include="DocumentStoreBase.cpp">
      <Filter>ravendb.client\documents</Filter>
    </ClCompile>
    <ClCompile Include="DocumentStore.cpp">
      <Filter>ravendb.client\documents</Filter>
    </ClCompile>
    <ClCompile Include="InMemoryDocumentSessionOperations.cpp">
      <Filter>ravendb.client\documents\session</Filter>
    </ClCompile>
    <ClCompile Include="SessionOperationExecutor.cpp">
      <Filter>ravendb.client\documents\operations</Filter>
    </ClCompile>
    <ClCompile Include="BatchOperation.cpp">
      <Filter>ravendb.client\documents\session\operations</Filter>
    </ClCompile>
    <ClCompile Include="CurlHandlesHolder.cpp">
      <Filter>ravendb.client\impl</Filter>
    </ClCompile>
    <ClCompile Include="DocumentSessionImpl.cpp">
      <Filter>ravendb.client\documents\session</Filter>
    </ClCompile>
    <ClCompile Include="JsonOperation.cpp">
      <Filter>ravendb.client\json</Filter>
    </ClCompile>
    <ClCompile Include="MultiLoaderWithInclude.cpp">
      <Filter>ravendb.client\documents\session\loaders</Filter>
    </ClCompile>
    <ClCompile Include="QueryOperation.cpp">
      <Filter>ravendb.client\documents\session\operations</Filter>
    </ClCompile>
    <ClCompile Include="QueryToken.cpp">
      <Filter>ravendb.client\documents\session\tokens</Filter>
    </ClCompile>
    <ClCompile Include="ConflictSolver.cpp">
      <Filter>ravendb.client\serverwide</Filter>
    </ClCompile>
    <ClCompile Include="DatabaseRecord.cpp">
      <Filter>ravendb.client\serverwide</Filter>
    </ClCompile>
    <ClCompile Include="DatabaseTopology.cpp">
      <Filter>ravendb.client\serverwide</Filter>
    </ClCompile>
    <ClCompile Include="LeaderStamp.cpp">
      <Filter>ravendb.client\serverwide</Filter>
    </ClCompile>
    <ClCompile Include="ScriptResolver.cpp">
      <Filter>ravendb.client\serverwide</Filter>
    </ClCompile>
    <ClCompile Include="CreateDatabaseOperation.cpp">
      <Filter>ravendb.client\serverwide\operations</Filter>
    </ClCompile>
    <ClCompile Include="DatabasePutResult.cpp">
      <Filter>ravendb.client\serverwide\operations</Filter>
    </ClCompile>
    <ClCompile Include="DeleteDatabaseResult.cpp">
      <Filter>ravendb.client\serverwide\operations</Filter>
    </ClCompile>
    <ClCompile Include="DeleteDatabasesOperation.cpp">
      <Filter>ravendb.client\serverwide\operations</Filter>
    </ClCompile>
    <ClCompile Include="GetDatabaseNamesOperation.cpp">
      <Filter>ravendb.client\serverwide\operations</Filter>
    </ClCompile>
    <ClCompile Include="GetDatabaseRecordOperation.cpp">
      <Filter>ravendb.client\serverwide\operations</Filter>
    </ClCompile>
    <ClCompile Include="GetDatabaseTopologyCommand.cpp">
      <Filter>ravendb.client\serverwide\commands</Filter>
    </ClCompile>
    <ClCompile Include="CurlSListHolder.cpp">
      <Filter>ravendb.client\impl</Filter>
    </ClCompile>
    <ClCompile Include="DateTimeOffset.cpp">
      <Filter>ravendb.client\impl</Filter>
    </ClCompile>
    <ClCompile Include="MetadataAsDictionary.cpp">
      <Filter>ravendb.client\json</Filter>
    </ClCompile>
    <ClCompile Include="BatchCommandResult.cpp">
      <Filter>ravendb.client\json</Filter>
    </ClCompile>
    <ClCompile Include="MillisToTimespanConverter.cpp">
      <Filter>ravendb.client\impl</Filter>
    </ClCompile>
    <ClCompile Include="json_utils.cpp">
      <Filter>ravendb.client\impl</Filter>
    </ClCompile>
    <ClCompile Include="ServerNode.cpp">
      <Filter>ravendb.client\http</Filter>
    </ClCompile>
    <ClCompile Include="Topology.cpp">
      <Filter>ravendb.client\http</Filter>
    </ClCompile>
    <ClCompile Include="FieldsToFetchToken.cpp">
      <Filter>ravendb.client\documents\session\tokens</Filter>
    </ClCompile>
    <ClCompile Include="AdvancedSessionOperations.cpp">
      <Filter>ravendb.client\documents\session</Filter>
    </ClCompile>
    <ClCompile Include="EagerSessionOperations.cpp">
      <Filter>ravendb.client\documents\session\operations\lazy</Filter>
    </ClCompile>
    <ClCompile Include="DocumentSession.cpp">
      <Filter>ravendb.client\documents\session</Filter>
    </ClCompile>
    <ClCompile Include="LazyMultiLoaderWithInclude.cpp">
      <Filter>ravendb.client\documents\session\loaders</Filter>
    </ClCompile>
    <ClCompile Include="DeclareToken.cpp">
      <Filter>ravendb.client\documents\session\tokens</Filter>
    </ClCompile>
    <ClCompile Include="FromToken.cpp">
      <Filter>ravendb.client\documents\session\tokens</Filter>
    </ClCompile>
    <ClCompile Include="DocumentConventions.cpp">
      <Filter>ravendb.client\documents\conventions</Filter>
    </ClCompile>
    <ClCompile Include="GetCppClassName.cpp">
      <Filter>ravendb.client\impl</Filter>
    </ClCompile>
    <ClCompile Include="LazySessionOperationsImpl.cpp">
      <Filter>ravendb.client\documents\session\operations\lazy</Filter>
    </ClCompile>
    <ClCompile Include="NextHiLoCommand.cpp">
      <Filter>ravendb.client\documents\commands</Filter>
    </ClCompile>
    <ClCompile Include="HiLoIdGenerator.cpp">
      <Filter>ravendb.client\documents\identity</Filter>
    </ClCompile>
    <ClCompile Include="HiLoReturnCommand.cpp">
      <Filter>ravendb.client\documents\commands</Filter>
    </ClCompile>
    <ClCompile Include="GenerateEntityIdOnTheClient.cpp">
      <Filter>ravendb.client\documents\identity</Filter>
    </ClCompile>
    <ClCompile Include="MultiTypeHiLoIdGenerator.cpp">
      <Filter>ravendb.client\documents\identity</Filter>
    </ClCompile>
    <ClCompile Include="MultiDatabaseHiLoIdGenerator.cpp">
      <Filter>ravendb.client\documents\identity</Filter>
    </ClCompile>
    <ClCompile Include="MaintenanceOperationExecutor.cpp">
      <Filter>ravendb.client\documents\operations</Filter>
    </ClCompile>
    <ClCompile Include="AbstractIndexCreationTaskBase.cpp">
      <Filter>ravendb.client\documents\indexes</Filter>
    </ClCompile>
    <ClCompile Include="AbstractGenericIndexCreationTask.cpp">
      <Filter>ravendb.client\documents\indexes</Filter>
    </ClCompile>
    <ClCompile Include="SpatialOptionsFactory.cpp">
      <Filter>ravendb.client\documents\indexes\spatial</Filter>
    </ClCompile>
    <ClCompile Include="AbstractIndexCreationTask.cpp">
      <Filter>ravendb.client\documents\indexes</Filter>
    </ClCompile>
    <ClCompile Include="IndexDefinitionBuilder.cpp">
      <Filter>ravendb.client\documents\indexes</Filter>
    </ClCompile>
    <ClCompile Include="AbstractMultiMapIndexCreationTask.cpp">
      <Filter>ravendb.client\documents\indexes</Filter>
    </ClCompile>
    <ClCompile Include="IndexCreation.cpp">
      <Filter>ravendb.client\documents\indexes</Filter>
    </ClCompile>
    <ClCompile Include="IndexTypeExtensions.cpp">
      <Filter>ravendb.client\documents\indexes</Filter>
    </ClCompile>
    <ClCompile Include="GetCollectionStatisticsOperation.cpp">
      <Filter>ravendb.client\documents\operations</Filter>
    </ClCompile>
    <ClCompile Include="Query.cpp">
      <Filter>ravendb.client\documents\queries</Filter>
    </ClCompile>
    <ClCompile Include="CloseSubclauseToken.cpp">
      <Filter>ravendb.client\documents\session\tokens</Filter>
    </ClCompile>
    <ClCompile Include="OpenSubclauseToken.cpp">
      <Filter>ravendb.client\documents\session\tokens</Filter>
    </ClCompile>
    <ClCompile Include="CounterIncludesToken.cpp">
      <Filter>ravendb.client\documents\session\tokens</Filter>
    </ClCompile>
    <ClCompile Include="DistinctToken.cpp">
      <Filter>ravendb.client\documents\session\tokens</Filter>
    </ClCompile>
    <ClCompile Include="ExplanationToken.cpp">
      <Filter>ravendb.client\documents\session\tokens</Filter>
    </ClCompile>
    <ClCompile Include="FacetToken.cpp">
      <Filter>ravendb.client\documents\session\tokens</Filter>
    </ClCompile>
    <ClCompile Include="GroupByToken.cpp">
      <Filter>ravendb.client\documents\session\tokens</Filter>
    </ClCompile>
    <ClCompile Include="GroupByCountToken.cpp">
      <Filter>ravendb.client\documents\session\tokens</Filter>
    </ClCompile>
    <ClCompile Include="GroupByKeyToken.cpp">
      <Filter>ravendb.client\documents\session\tokens</Filter>
    </ClCompile>
    <ClCompile Include="GroupBySumToken.cpp">
      <Filter>ravendb.client\documents\session\tokens</Filter>
    </ClCompile>
    <ClCompile Include="HighlightingToken.cpp">
      <Filter>ravendb.client\documents\session\tokens</Filter>
    </ClCompile>
    <ClCompile Include="IntersectMarkerToken.cpp">
      <Filter>ravendb.client\documents\session\tokens</Filter>
    </ClCompile>
    <ClCompile Include="LoadToken.cpp">
      <Filter>ravendb.client\documents\session\tokens</Filter>
    </ClCompile>
    <ClCompile Include="DocumentQueryHelper.cpp">
      <Filter>ravendb.client\documents\session</Filter>
    </ClCompile>
    <ClCompile Include="MoreLikeThisToken.cpp">
      <Filter>ravendb.client\documents\session\tokens</Filter>
    </ClCompile>
    <ClCompile Include="WhereToken.cpp">
      <Filter>ravendb.client\documents\session\tokens</Filter>
    </ClCompile>
    <ClCompile Include="AbstractJavaScriptIndexCreationTask.cpp">
      <Filter>ravendb.client\documents\indexes</Filter>
    </ClCompile>
    <ClCompile Include="ShapeToken.cpp">
      <Filter>ravendb.client\documents\session\tokens</Filter>
    </ClCompile>
    <ClCompile Include="TrueToken.cpp">
      <Filter>ravendb.client\documents\session\tokens</Filter>
    </ClCompile>
    <ClCompile Include="TimingsToken.cpp">
      <Filter>ravendb.client\documents\session\tokens</Filter>
    </ClCompile>
    <ClCompile Include="NegateToken.cpp">
      <Filter>ravendb.client\documents\session\tokens</Filter>
    </ClCompile>
    <ClCompile Include="QueryOperatorToken.cpp">
      <Filter>ravendb.client\documents\session\tokens</Filter>
    </ClCompile>
    <ClCompile Include="SuggestToken.cpp">
      <Filter>ravendb.client\documents\session\tokens</Filter>
    </ClCompile>
    <ClCompile Include="OrderByToken.cpp">
      <Filter>ravendb.client\documents\session\tokens</Filter>
    </ClCompile>
    <ClCompile Include="MoreLikeThisScope.cpp">
      <Filter>ravendb.client\documents\queries\more_like_this</Filter>
    </ClCompile>
    <ClCompile Include="MoreLikeThisOptions.cpp">
      <Filter>ravendb.client\documents\queries\more_like_this</Filter>
    </ClCompile>
    <ClCompile Include="QueryFieldUtil.cpp">
      <Filter>ravendb.client\documents\queries</Filter>
    </ClCompile>
    <ClCompile Include="QueryTimings.cpp">
      <Filter>ravendb.client\documents\queries\timings</Filter>
    </ClCompile>
    <ClCompile Include="QueryHighlightings.cpp">
      <Filter>ravendb.client\documents\queries\highlighting</Filter>
    </ClCompile>
    <ClCompile Include="Highlightings.cpp">
      <Filter>ravendb.client\documents\queries\highlighting</Filter>
    </ClCompile>
    <ClCompile Include="Explanations.cpp">
      <Filter>ravendb.client\documents\queries\explanation</Filter>
    </ClCompile>
    <ClCompile Include="QueryData.cpp">
      <Filter>ravendb.client\documents\queries</Filter>
    </ClCompile>
    <ClCompile Include="HighlightingOptions.cpp">
      <Filter>ravendb.client\documents\queries\highlighting</Filter>
    </ClCompile>
    <ClCompile Include="SuggestionOptions.cpp">
      <Filter>ravendb.client\documents\queries\suggestions</Filter>
    </ClCompile>
    <ClCompile Include="SuggestionBase.cpp">
      <Filter>ravendb.client\documents\queries\suggestions</Filter>
    </ClCompile>
    <ClCompile Include="SuggestionWithTerm.cpp">
      <Filter>ravendb.client\documents\queries\suggestions</Filter>
    </ClCompile>
    <ClCompile Include="SuggestionWithTerms.cpp">
      <Filter>ravendb.client\documents\queries\suggestions</Filter>
    </ClCompile>
    <ClCompile Include="ExplanationOptions.cpp">
      <Filter>ravendb.client\documents\queries\explanation</Filter>
    </ClCompile>
    <ClCompile Include="SpatialCriteria.cpp">
      <Filter>ravendb.client\documents\queries\spatial</Filter>
    </ClCompile>
    <ClCompile Include="CircleCriteria.cpp">
      <Filter>ravendb.client\documents\queries\spatial</Filter>
    </ClCompile>
    <ClCompile Include="PointField.cpp">
      <Filter>ravendb.client\documents\queries\spatial</Filter>
    </ClCompile>
    <ClCompile Include="SpatialCriteriaFactory.cpp">
      <Filter>ravendb.client\documents\queries\spatial</Filter>
    </ClCompile>
    <ClCompile Include="WktCriteria.cpp">
      <Filter>ravendb.client\documents\queries\spatial</Filter>
    </ClCompile>
    <ClCompile Include="WktField.cpp">
      <Filter>ravendb.client\documents\queries\spatial</Filter>
    </ClCompile>
    <ClCompile Include="LoadStartingWithOperation.cpp">
      <Filter>ravendb.client\documents\session\operations</Filter>
    </ClCompile>
    <ClCompile Include="LoadOperation.cpp">
      <Filter>ravendb.client\documents\session\operations</Filter>
    </ClCompile>
    <ClCompile Include="NodeStatus.cpp">
      <Filter>ravendb.client\http</Filter>
    </ClCompile>
    <ClCompile Include="NodeSelector.cpp">
      <Filter>ravendb.client\http</Filter>
    </ClCompile>
    <ClCompile Include="CurlResponse.cpp">
      <Filter>ravendb.client\impl</Filter>
    </ClCompile>
    <ClCompile Include="GroupBy.cpp">
      <Filter>ravendb.client\documents\queries</Filter>
    </ClCompile>
    <ClCompile Include="QueryStatistics.cpp">
      <Filter>ravendb.client\documents\session</Filter>
    </ClCompile>
    <ClCompile Include="http_extensions.cpp">
      <Filter>ravendb.client\extensions</Filter>
    </ClCompile>
    <ClCompile Include="RavenCommand.cpp">
      <Filter>ravendb.client\http</Filter>
    </ClCompile>
  </ItemGroup>
  <ItemGroup>
    <ClInclude Include="ravendb.h">
      <Filter>ravendb.client</Filter>
    </ClInclude>
    <ClInclude Include="RavenErrors.h">
      <Filter>ravendb.client</Filter>
    </ClInclude>
    <ClInclude Include="VoidRavenCommand.h">
      <Filter>ravendb.client\http</Filter>
    </ClInclude>
    <ClInclude Include="Topology.h">
      <Filter>ravendb.client\http</Filter>
    </ClInclude>
    <ClInclude Include="ServerNode.h">
      <Filter>ravendb.client\http</Filter>
    </ClInclude>
    <ClInclude Include="RequestExecutor.h">
      <Filter>ravendb.client\http</Filter>
    </ClInclude>
    <ClInclude Include="RavenCommand.h">
      <Filter>ravendb.client\http</Filter>
    </ClInclude>
    <ClInclude Include="utils.h">
      <Filter>ravendb.client\impl</Filter>
    </ClInclude>
    <ClInclude Include="DatabasePutResult.h">
      <Filter>ravendb.client\serverwide\operations</Filter>
    </ClInclude>
    <ClInclude Include="DatabaseTopology.h">
      <Filter>ravendb.client\serverwide</Filter>
    </ClInclude>
    <ClInclude Include="LeaderStamp.h">
      <Filter>ravendb.client\serverwide</Filter>
    </ClInclude>
    <ClInclude Include="DatabaseRecord.h">
      <Filter>ravendb.client\serverwide</Filter>
    </ClInclude>
    <ClInclude Include="ConflictSolver.h">
      <Filter>ravendb.client\serverwide</Filter>
    </ClInclude>
    <ClInclude Include="ScriptResolver.h">
      <Filter>ravendb.client\serverwide</Filter>
    </ClInclude>
    <ClInclude Include="DeleteDocumentCommand.h">
      <Filter>ravendb.client\documents\commands</Filter>
    </ClInclude>
    <ClInclude Include="GetDatabaseTopologyCommand.h">
      <Filter>ravendb.client\serverwide\commands</Filter>
    </ClInclude>
    <ClInclude Include="GetDocumentsResult.h">
      <Filter>ravendb.client\documents\commands</Filter>
    </ClInclude>
    <ClInclude Include="GetDocumentsCommand.h">
      <Filter>ravendb.client\documents\commands</Filter>
    </ClInclude>
    <ClInclude Include="GetNextOperationIdCommand.h">
      <Filter>ravendb.client\documents\commands</Filter>
    </ClInclude>
    <ClInclude Include="PutResult.h">
      <Filter>ravendb.client\documents\commands\batches</Filter>
    </ClInclude>
    <ClInclude Include="PutDocumentCommand.h">
      <Filter>ravendb.client\documents\commands</Filter>
    </ClInclude>
    <ClInclude Include="DeleteDatabaseResult.h">
      <Filter>ravendb.client\serverwide\operations</Filter>
    </ClInclude>
    <ClInclude Include="targetver.h" />
    <ClInclude Include="stdafx.h" />
    <ClInclude Include="DatabasePromotionStatus.h">
      <Filter>ravendb.client\serverwide\operations</Filter>
    </ClInclude>
    <ClInclude Include="..\..\xxhash_cpp\xxhash\xxhash.hpp" />
    <ClInclude Include="json_utils.h">
      <Filter>ravendb.client\impl</Filter>
    </ClInclude>
    <ClInclude Include="IndexDefinition.h">
      <Filter>ravendb.client\documents\indexes</Filter>
    </ClInclude>
    <ClInclude Include="IndexPriority.h">
      <Filter>ravendb.client\documents\indexes</Filter>
    </ClInclude>
    <ClInclude Include="IndexLockMode.h">
      <Filter>ravendb.client\documents\indexes</Filter>
    </ClInclude>
    <ClInclude Include="IndexType.h">
      <Filter>ravendb.client\documents\indexes</Filter>
    </ClInclude>
    <ClInclude Include="IndexConfiguration.h">
      <Filter>ravendb.client\documents\indexes</Filter>
    </ClInclude>
    <ClInclude Include="IndexFieldOptions.h">
      <Filter>ravendb.client\documents\indexes</Filter>
    </ClInclude>
    <ClInclude Include="FieldStorage.h">
      <Filter>ravendb.client\documents\indexes</Filter>
    </ClInclude>
    <ClInclude Include="FieldIndexing.h">
      <Filter>ravendb.client\documents\indexes</Filter>
    </ClInclude>
    <ClInclude Include="FieldTermVector.h">
      <Filter>ravendb.client\documents\indexes</Filter>
    </ClInclude>
    <ClInclude Include="PutIndexResult.h">
      <Filter>ravendb.client\documents\indexes</Filter>
    </ClInclude>
    <ClInclude Include="IMaintenanceOperation.h">
      <Filter>ravendb.client\documents\operations</Filter>
    </ClInclude>
    <ClInclude Include="DocumentConventions.h">
      <Filter>ravendb.client\documents\conventions</Filter>
    </ClInclude>
    <ClInclude Include="PutIndexesOperation.h">
      <Filter>ravendb.client\documents\operations\indexes</Filter>
    </ClInclude>
    <ClInclude Include="GetIndexOperation.h">
      <Filter>ravendb.client\documents\operations\indexes</Filter>
    </ClInclude>
    <ClInclude Include="GetIndexesOperation.h">
      <Filter>ravendb.client\documents\operations\indexes</Filter>
    </ClInclude>
    <ClInclude Include="QueryResultBase.h">
      <Filter>ravendb.client\documents\queries</Filter>
    </ClInclude>
    <ClInclude Include="GenericQueryResult.h">
      <Filter>ravendb.client\documents\queries</Filter>
    </ClInclude>
    <ClInclude Include="QueryResult.h">
      <Filter>ravendb.client\documents\queries</Filter>
    </ClInclude>
    <ClInclude Include="QueryCommand.h">
      <Filter>ravendb.client\documents\commands</Filter>
    </ClInclude>
    <ClInclude Include="IndexQueryBase.h">
      <Filter>ravendb.client\documents\queries</Filter>
    </ClInclude>
    <ClInclude Include="SpatialFieldType.h">
      <Filter>ravendb.client\documents\indexes\spatial</Filter>
    </ClInclude>
    <ClInclude Include="SpatialOptions.h">
      <Filter>ravendb.client\documents\indexes\spatial</Filter>
    </ClInclude>
    <ClInclude Include="SpatialSearchStrategy.h">
      <Filter>ravendb.client\documents\indexes\spatial</Filter>
    </ClInclude>
    <ClInclude Include="SpatialUnits.h">
      <Filter>ravendb.client\documents\indexes\spatial</Filter>
    </ClInclude>
    <ClInclude Include="IndexHasChangedOperation.h">
      <Filter>ravendb.client\documents\operations\indexes</Filter>
    </ClInclude>
    <ClInclude Include="IVoidMaintenanceOperation.h">
      <Filter>ravendb.client\documents\operations</Filter>
    </ClInclude>
    <ClInclude Include="DeleteIndexOperation.h">
      <Filter>ravendb.client\documents\operations\indexes</Filter>
    </ClInclude>
    <ClInclude Include="DateTimeOffset.h">
      <Filter>ravendb.client\impl</Filter>
    </ClInclude>
    <ClInclude Include="CreateDatabaseOperation.h">
      <Filter>ravendb.client\serverwide\operations</Filter>
    </ClInclude>
    <ClInclude Include="IServerOperation.h">
      <Filter>ravendb.client\serverwide\operations</Filter>
    </ClInclude>
    <ClInclude Include="DeleteDatabasesOperation.h">
      <Filter>ravendb.client\serverwide\operations</Filter>
    </ClInclude>
    <ClInclude Include="GetDatabaseNamesOperation.h">
      <Filter>ravendb.client\serverwide\operations</Filter>
    </ClInclude>
    <ClInclude Include="GetDatabaseRecordOperation.h">
      <Filter>ravendb.client\serverwide\operations</Filter>
    </ClInclude>
    <ClInclude Include="DisableIndexOperation.h">
      <Filter>ravendb.client\documents\operations\indexes</Filter>
    </ClInclude>
    <ClInclude Include="EnableIndexOperation.h">
      <Filter>ravendb.client\documents\operations\indexes</Filter>
    </ClInclude>
    <ClInclude Include="ResetIndexOperation.h">
      <Filter>ravendb.client\documents\operations\indexes</Filter>
    </ClInclude>
    <ClInclude Include="StartIndexOperation.h">
      <Filter>ravendb.client\documents\operations\indexes</Filter>
    </ClInclude>
    <ClInclude Include="StopIndexOperation.h">
      <Filter>ravendb.client\documents\operations\indexes</Filter>
    </ClInclude>
    <ClInclude Include="StopIndexingOperation.h">
      <Filter>ravendb.client\documents\operations\indexes</Filter>
    </ClInclude>
    <ClInclude Include="StartIndexingOperationh.h">
      <Filter>ravendb.client\documents\operations\indexes</Filter>
    </ClInclude>
    <ClInclude Include="GetIndexNamesOperation.h">
      <Filter>ravendb.client\documents\operations\indexes</Filter>
    </ClInclude>
    <ClInclude Include="IndexingError.h">
      <Filter>ravendb.client\documents\indexes</Filter>
    </ClInclude>
    <ClInclude Include="IndexErrors.h">
      <Filter>ravendb.client\documents\indexes</Filter>
    </ClInclude>
    <ClInclude Include="GetIndexErrorsOperation.h">
      <Filter>ravendb.client\documents\operations\indexes</Filter>
    </ClInclude>
    <ClInclude Include="SetIndexesLockOperation.h">
      <Filter>ravendb.client\documents\operations\indexes</Filter>
    </ClInclude>
    <ClInclude Include="IndexStats.h">
      <Filter>ravendb.client\documents\indexes</Filter>
    </ClInclude>
    <ClInclude Include="IndexState.h">
      <Filter>ravendb.client\documents\indexes</Filter>
    </ClInclude>
    <ClInclude Include="IndexRunningStatus.h">
      <Filter>ravendb.client\documents\indexes</Filter>
    </ClInclude>
    <ClInclude Include="GetIndexesStatisticsOperation.h">
      <Filter>ravendb.client\documents\operations\indexes</Filter>
    </ClInclude>
    <ClInclude Include="GetIndexingStatusOperation.h">
      <Filter>ravendb.client\documents\operations\indexes</Filter>
    </ClInclude>
    <ClInclude Include="IndexingStatus.h">
      <Filter>ravendb.client\documents\indexes</Filter>
    </ClInclude>
    <ClInclude Include="GetTermsOperation.h">
      <Filter>ravendb.client\documents\operations\indexes</Filter>
    </ClInclude>
    <ClInclude Include="TermsQueryResult.h">
      <Filter>ravendb.client\documents\queries</Filter>
    </ClInclude>
    <ClInclude Include="SetIndexesPriorityOperation.h">
      <Filter>ravendb.client\documents\operations\indexes</Filter>
    </ClInclude>
    <ClInclude Include="CertificateDetails.h">
      <Filter>ravendb.client\impl</Filter>
    </ClInclude>
    <ClInclude Include="IOperation.h">
      <Filter>ravendb.client\documents\operations</Filter>
    </ClInclude>
    <ClInclude Include="HttpCache.h">
      <Filter>ravendb.client\http</Filter>
    </ClInclude>
    <ClInclude Include="IDocumentStore.h">
      <Filter>ravendb.client\documents</Filter>
    </ClInclude>
    <ClInclude Include="QueryOperationOptions.h">
      <Filter>ravendb.client\documents\queries</Filter>
    </ClInclude>
    <ClInclude Include="DeleteByQueryOperation.h">
      <Filter>ravendb.client\documents\operations</Filter>
    </ClInclude>
    <ClInclude Include="OperationIdResult.h">
      <Filter>ravendb.client\documents\operations</Filter>
    </ClInclude>
    <ClInclude Include="IndexQuery.h">
      <Filter>ravendb.client\documents\queries</Filter>
    </ClInclude>
    <ClInclude Include="PatchStatus.h">
      <Filter>ravendb.client\documents\operations</Filter>
    </ClInclude>
    <ClInclude Include="PatchResult.h">
      <Filter>ravendb.client\documents\operations</Filter>
    </ClInclude>
    <ClInclude Include="PatchRequest.h">
      <Filter>ravendb.client\documents\operations</Filter>
    </ClInclude>
    <ClInclude Include="PatchOperation.h">
      <Filter>ravendb.client\documents\operations</Filter>
    </ClInclude>
    <ClInclude Include="PatchByQueryOperation.h">
      <Filter>ravendb.client\documents\operations</Filter>
    </ClInclude>
    <ClInclude Include="GetOperationStateOperation.h">
      <Filter>ravendb.client\documents\operations</Filter>
    </ClInclude>
    <ClInclude Include="ConcurrencyCheckMode.h">
      <Filter>ravendb.client\documents\session</Filter>
    </ClInclude>
    <ClInclude Include="DocumentInfo.h">
      <Filter>ravendb.client\documents\session</Filter>
    </ClInclude>
    <ClInclude Include="DocumentsById.h">
      <Filter>ravendb.client\documents\session</Filter>
    </ClInclude>
    <ClInclude Include="InMemoryDocumentSessionOperations.h">
      <Filter>ravendb.client\documents\session</Filter>
    </ClInclude>
    <ClInclude Include="LoadOperation.h">
      <Filter>ravendb.client\documents\session\operations</Filter>
    </ClInclude>
    <ClInclude Include="OperationExecutor.h">
      <Filter>ravendb.client\documents\operations</Filter>
    </ClInclude>
    <ClInclude Include="SessionInfo.h">
      <Filter>ravendb.client\documents\session</Filter>
    </ClInclude>
    <ClInclude Include="SessionOptions.h">
      <Filter>ravendb.client\documents\session</Filter>
    </ClInclude>
    <ClInclude Include="TransactionMode.h">
      <Filter>ravendb.client\documents\session</Filter>
    </ClInclude>
    <ClInclude Include="BatchOperation.h">
      <Filter>ravendb.client\documents\session\operations</Filter>
    </ClInclude>
    <ClInclude Include="BatchCommand.h">
      <Filter>ravendb.client\documents\commands\batches</Filter>
    </ClInclude>
    <ClInclude Include="BatchCommandResult.h">
      <Filter>ravendb.client\json</Filter>
    </ClInclude>
    <ClInclude Include="CommandType.h">
      <Filter>ravendb.client\documents\commands\batches</Filter>
    </ClInclude>
    <ClInclude Include="BatchOptions.h">
      <Filter>ravendb.client\documents\commands\batches</Filter>
    </ClInclude>
    <ClInclude Include="ReplicationBatchOptions.h">
      <Filter>ravendb.client\documents\commands\batches</Filter>
    </ClInclude>
    <ClInclude Include="IndexBatchOptions.h">
      <Filter>ravendb.client\documents\commands\batches</Filter>
    </ClInclude>
    <ClInclude Include="DocumentsChanges.h">
      <Filter>ravendb.client\documents\session</Filter>
    </ClInclude>
    <ClInclude Include="PutCommandData.h">
      <Filter>ravendb.client\documents\commands\batches</Filter>
    </ClInclude>
    <ClInclude Include="CommandDataBase.h">
      <Filter>ravendb.client\documents\commands\batches</Filter>
    </ClInclude>
    <ClInclude Include="DeleteCommandData.h">
      <Filter>ravendb.client\documents\commands\batches</Filter>
    </ClInclude>
    <ClInclude Include="MetadataAsDictionary.h">
      <Filter>ravendb.client\json</Filter>
    </ClInclude>
    <ClInclude Include="IMetadataDictionary.h">
      <Filter>ravendb.client\documents\session</Filter>
    </ClInclude>
    <ClInclude Include="JsonOperation.h">
      <Filter>ravendb.client\json</Filter>
    </ClInclude>
    <ClInclude Include="EntityToJson.h">
      <Filter>ravendb.client\documents\session</Filter>
    </ClInclude>
    <ClInclude Include="MaintenanceOperationExecutor.h">
      <Filter>ravendb.client\documents\operations</Filter>
    </ClInclude>
    <ClInclude Include="DocumentStoreBase.h">
      <Filter>ravendb.client\documents</Filter>
    </ClInclude>
    <ClInclude Include="DocumentStore.h">
      <Filter>ravendb.client\documents</Filter>
    </ClInclude>
    <ClInclude Include="SessionOperationExecutor.h">
      <Filter>ravendb.client\documents\operations</Filter>
    </ClInclude>
    <ClInclude Include="CurlHandlesHolder.h">
      <Filter>ravendb.client\impl</Filter>
    </ClInclude>
    <ClInclude Include="DocumentSessionImpl.h">
      <Filter>ravendb.client\documents\session</Filter>
    </ClInclude>
    <ClInclude Include="DocumentSession.h">
      <Filter>ravendb.client\documents\session</Filter>
    </ClInclude>
    <ClInclude Include="DocumentsByIdsMap.h">
      <Filter>ravendb.client\documents\session</Filter>
    </ClInclude>
    <ClInclude Include="AdvancedSessionOperations.h">
      <Filter>ravendb.client\documents\session</Filter>
    </ClInclude>
    <ClInclude Include="LoaderWithInclude.h">
      <Filter>ravendb.client\documents\session\loaders</Filter>
    </ClInclude>
    <ClInclude Include="MultiLoaderWithInclude.h">
      <Filter>ravendb.client\documents\session\loaders</Filter>
    </ClInclude>
    <ClInclude Include="RawDocumentQuery.h">
      <Filter>ravendb.client\documents\session</Filter>
    </ClInclude>
    <ClInclude Include="AbstractDocumentQuery.h">
      <Filter>ravendb.client\documents\session</Filter>
    </ClInclude>
    <ClInclude Include="QueryOperator.h">
      <Filter>ravendb.client\documents\queries</Filter>
    </ClInclude>
    <ClInclude Include="QueryOperation.h">
      <Filter>ravendb.client\documents\session\operations</Filter>
    </ClInclude>
    <ClInclude Include="QueryToken.h">
      <Filter>ravendb.client\documents\session\tokens</Filter>
    </ClInclude>
    <ClInclude Include="FieldsToFetchToken.h">
      <Filter>ravendb.client\documents\session\tokens</Filter>
    </ClInclude>
    <ClInclude Include="Parameters.h">
      <Filter>ravendb.client</Filter>
    </ClInclude>
    <ClInclude Include="PatchCommandData.h">
      <Filter>ravendb.client\documents\commands\batches</Filter>
    </ClInclude>
    <ClInclude Include="JavaScriptArray.h">
      <Filter>ravendb.client\documents\session</Filter>
    </ClInclude>
    <ClInclude Include="Constants.h">
      <Filter>ravendb.client</Filter>
    </ClInclude>
    <ClInclude Include="CurlSListHolder.h">
      <Filter>ravendb.client\impl</Filter>
    </ClInclude>
    <ClInclude Include="..\json.hpp" />
    <ClInclude Include="MillisToTimespanConverter.h">
      <Filter>ravendb.client\impl</Filter>
    </ClInclude>
    <ClInclude Include="CompareStringsIgnoreCase.h">
      <Filter>ravendb.client\impl</Filter>
    </ClInclude>
    <ClInclude Include="LazySessionOperations.h">
      <Filter>ravendb.client\documents\session\operations\lazy</Filter>
    </ClInclude>
    <ClInclude Include="LazySessionOperationsImpl.h">
      <Filter>ravendb.client\documents\session\operations\lazy</Filter>
    </ClInclude>
    <ClInclude Include="ILazyOperation.h">
      <Filter>ravendb.client\documents\session\operations\lazy</Filter>
    </ClInclude>
    <ClInclude Include="GetRequest.h">
      <Filter>ravendb.client\documents\commands\multy_get</Filter>
    </ClInclude>
    <ClInclude Include="GetResponse.h">
      <Filter>ravendb.client\documents\commands\multy_get</Filter>
    </ClInclude>
    <ClInclude Include="HttpStatus.h">
      <Filter>ravendb.client\http</Filter>
    </ClInclude>
    <ClInclude Include="LazyLoadOperation.h">
      <Filter>ravendb.client\documents\session\operations\lazy</Filter>
    </ClInclude>
    <ClInclude Include="SimpleStopWatch.h">
      <Filter>ravendb.client\impl</Filter>
    </ClInclude>
    <ClInclude Include="ResponseTimeInformation.h">
      <Filter>ravendb.client\documents\session</Filter>
    </ClInclude>
    <ClInclude Include="MultiGetOperation.h">
      <Filter>ravendb.client\documents\session\operations</Filter>
    </ClInclude>
    <ClInclude Include="MultiGetCommand.h">
      <Filter>ravendb.client\documents\commands\multy_get</Filter>
    </ClInclude>
    <ClInclude Include="Lazy.h">
      <Filter>ravendb.client\documents</Filter>
    </ClInclude>
    <ClInclude Include="EagerSessionOperations.h">
      <Filter>ravendb.client\documents\session\operations\lazy</Filter>
    </ClInclude>
    <ClInclude Include="LazyLoaderWithInclude.h">
      <Filter>ravendb.client\documents\session\loaders</Filter>
    </ClInclude>
    <ClInclude Include="LazyMultiLoaderWithInclude.h">
      <Filter>ravendb.client\documents\session\loaders</Filter>
    </ClInclude>
    <ClInclude Include="IQueryBase.h">
      <Filter>ravendb.client\documents\session</Filter>
    </ClInclude>
    <ClInclude Include="IDocumentQueryBaseSingle.h">
      <Filter>ravendb.client\documents\session</Filter>
    </ClInclude>
    <ClInclude Include="LazyQueryOperation.h">
      <Filter>ravendb.client\documents\session\operations\lazy</Filter>
    </ClInclude>
    <ClInclude Include="IndexQueryContent.h">
      <Filter>ravendb.client\documents\session\operations\lazy</Filter>
    </ClInclude>
    <ClInclude Include="IDocumentQuery.h">
      <Filter>ravendb.client\documents\session</Filter>
    </ClInclude>
    <ClInclude Include="IDocumentQueryBase.h">
      <Filter>ravendb.client\documents\session</Filter>
    </ClInclude>
    <ClInclude Include="OrderingType.h">
      <Filter>ravendb.client\documents\session</Filter>
    </ClInclude>
    <ClInclude Include="DocumentQuery.h">
      <Filter>ravendb.client\documents\session</Filter>
    </ClInclude>
    <ClInclude Include="DeclareToken.h">
      <Filter>ravendb.client\documents\session\tokens</Filter>
    </ClInclude>
    <ClInclude Include="FromToken.h">
      <Filter>ravendb.client\documents\session\tokens</Filter>
    </ClInclude>
    <ClInclude Include="IRawDocumentQuery.h">
      <Filter>ravendb.client\documents\session</Filter>
    </ClInclude>
    <ClInclude Include="ReadBalanceBehavior.h">
      <Filter>ravendb.client\http</Filter>
    </ClInclude>
    <ClInclude Include="ClientConfiguration.h">
      <Filter>ravendb.client\documents\operations\configuration</Filter>
    </ClInclude>
    <ClInclude Include="Inflector.h">
      <Filter>ravendb.client\impl</Filter>
    </ClInclude>
    <ClInclude Include="GetCppClassName.h">
      <Filter>ravendb.client\impl</Filter>
    </ClInclude>
    <ClInclude Include="NextHiLoCommand.h">
      <Filter>ravendb.client\documents\commands</Filter>
    </ClInclude>
    <ClInclude Include="EntityIdHelper.h">
      <Filter>ravendb.client</Filter>
    </ClInclude>
    <ClInclude Include="HiLoResult.h">
      <Filter>ravendb.client\documents\identity</Filter>
    </ClInclude>
    <ClInclude Include="HiLoIdGenerator.h">
      <Filter>ravendb.client\documents\identity</Filter>
    </ClInclude>
    <ClInclude Include="HiLoReturnCommand.h">
      <Filter>ravendb.client\documents\commands</Filter>
    </ClInclude>
    <ClInclude Include="GenerateEntityIdOnTheClient.h">
      <Filter>ravendb.client\documents\identity</Filter>
    </ClInclude>
    <ClInclude Include="MultiTypeHiLoIdGenerator.h">
      <Filter>ravendb.client\documents\identity</Filter>
    </ClInclude>
    <ClInclude Include="MultiDatabaseHiLoIdGenerator.h">
      <Filter>ravendb.client\documents\identity</Filter>
    </ClInclude>
    <ClInclude Include="DatabaseStatistics.h">
      <Filter>ravendb.client\documents\operations</Filter>
    </ClInclude>
    <ClInclude Include="IndexInformation.h">
      <Filter>ravendb.client\documents\operations</Filter>
    </ClInclude>
    <ClInclude Include="GetStatisticsOperation.h">
      <Filter>ravendb.client\documents\operations</Filter>
    </ClInclude>
    <ClInclude Include="Size.h">
      <Filter>ravendb.client\impl</Filter>
    </ClInclude>
    <ClInclude Include="GetClientConfigurationOperation.h">
      <Filter>ravendb.client\documents\operations\configuration</Filter>
    </ClInclude>
    <ClInclude Include="PutClientConfigurationOperation.h">
      <Filter>ravendb.client\documents\operations\configuration</Filter>
    </ClInclude>
    <ClInclude Include="AbstractIndexCreationTaskBase.h">
      <Filter>ravendb.client\documents\indexes</Filter>
    </ClInclude>
    <ClInclude Include="AbstractGenericIndexCreationTask.h">
      <Filter>ravendb.client\documents\indexes</Filter>
    </ClInclude>
    <ClInclude Include="SpatialOptionsFactory.h">
      <Filter>ravendb.client\documents\indexes\spatial</Filter>
    </ClInclude>
    <ClInclude Include="AbstractIndexCreationTask.h">
      <Filter>ravendb.client\documents\indexes</Filter>
    </ClInclude>
    <ClInclude Include="IndexDefinitionBuilder.h">
      <Filter>ravendb.client\documents\indexes</Filter>
    </ClInclude>
    <ClInclude Include="AbstractMultiMapIndexCreationTask.h">
      <Filter>ravendb.client\documents\indexes</Filter>
    </ClInclude>
    <ClInclude Include="IndexCreation.h">
      <Filter>ravendb.client\documents\indexes</Filter>
    </ClInclude>
    <ClInclude Include="GetIndexStatisticsOperation.h">
      <Filter>ravendb.client\documents\operations\indexes</Filter>
    </ClInclude>
    <ClInclude Include="SpatialRelation.h">
      <Filter>ravendb.client\documents\indexes\spatial</Filter>
    </ClInclude>
    <ClInclude Include="IndexTypeExtensions.h">
      <Filter>ravendb.client\documents\indexes</Filter>
    </ClInclude>
    <ClInclude Include="CollectionStatistics.h">
      <Filter>ravendb.client\documents\operations</Filter>
    </ClInclude>
    <ClInclude Include="GetCollectionStatisticsOperation.h">
      <Filter>ravendb.client\documents\operations</Filter>
    </ClInclude>
    <ClInclude Include="Query.h">
      <Filter>ravendb.client\documents\queries</Filter>
    </ClInclude>
    <ClInclude Include="IFilterDocumentQueryBase.h">
      <Filter>ravendb.client\documents\session</Filter>
    </ClInclude>
    <ClInclude Include="SearchOperator.h">
      <Filter>ravendb.client\documents\queries</Filter>
    </ClInclude>
    <ClInclude Include="CloseSubclauseToken.h">
      <Filter>ravendb.client\documents\session\tokens</Filter>
    </ClInclude>
    <ClInclude Include="OpenSubclauseToken.h">
      <Filter>ravendb.client\documents\session\tokens</Filter>
    </ClInclude>
    <ClInclude Include="CounterIncludesToken.h">
      <Filter>ravendb.client\documents\session\tokens</Filter>
    </ClInclude>
    <ClInclude Include="DistinctToken.h">
      <Filter>ravendb.client\documents\session\tokens</Filter>
    </ClInclude>
    <ClInclude Include="ExplanationToken.h">
      <Filter>ravendb.client\documents\session\tokens</Filter>
    </ClInclude>
    <ClInclude Include="FacetToken.h">
      <Filter>ravendb.client\documents\session\tokens</Filter>
    </ClInclude>
    <ClInclude Include="GroupByToken.h">
      <Filter>ravendb.client\documents\session\tokens</Filter>
    </ClInclude>
    <ClInclude Include="GroupByMethod.h">
      <Filter>ravendb.client\documents\queries</Filter>
    </ClInclude>
    <ClInclude Include="GroupByCountToken.h">
      <Filter>ravendb.client\documents\session\tokens</Filter>
    </ClInclude>
    <ClInclude Include="GroupByKeyToken.h">
      <Filter>ravendb.client\documents\session\tokens</Filter>
    </ClInclude>
    <ClInclude Include="GroupBySumToken.h">
      <Filter>ravendb.client\documents\session\tokens</Filter>
    </ClInclude>
    <ClInclude Include="HighlightingToken.h">
      <Filter>ravendb.client\documents\session\tokens</Filter>
    </ClInclude>
    <ClInclude Include="IntersectMarkerToken.h">
      <Filter>ravendb.client\documents\session\tokens</Filter>
    </ClInclude>
    <ClInclude Include="LoadToken.h">
      <Filter>ravendb.client\documents\session\tokens</Filter>
    </ClInclude>
    <ClInclude Include="DocumentQueryHelper.h">
      <Filter>ravendb.client\documents\session</Filter>
    </ClInclude>
    <ClInclude Include="MoreLikeThisToken.h">
      <Filter>ravendb.client\documents\session\tokens</Filter>
    </ClInclude>
    <ClInclude Include="WhereToken.h">
      <Filter>ravendb.client\documents\session\tokens</Filter>
    </ClInclude>
    <ClInclude Include="AbstractJavaScriptIndexCreationTask.h">
      <Filter>ravendb.client\documents\indexes</Filter>
    </ClInclude>
    <ClInclude Include="ShapeToken.h">
      <Filter>ravendb.client\documents\session\tokens</Filter>
    </ClInclude>
    <ClInclude Include="WhereOperator.h">
      <Filter>ravendb.client\documents\session\tokens</Filter>
    </ClInclude>
    <ClInclude Include="TrueToken.h">
      <Filter>ravendb.client\documents\session\tokens</Filter>
    </ClInclude>
    <ClInclude Include="TimingsToken.h">
      <Filter>ravendb.client\documents\session\tokens</Filter>
    </ClInclude>
    <ClInclude Include="NegateToken.h">
      <Filter>ravendb.client\documents\session\tokens</Filter>
    </ClInclude>
    <ClInclude Include="QueryOperatorToken.h">
      <Filter>ravendb.client\documents\session\tokens</Filter>
    </ClInclude>
    <ClInclude Include="SuggestToken.h">
      <Filter>ravendb.client\documents\session\tokens</Filter>
    </ClInclude>
    <ClInclude Include="OrderByToken.h">
      <Filter>ravendb.client\documents\session\tokens</Filter>
    </ClInclude>
    <ClInclude Include="EntityIdHelperUtil.h">
      <Filter>ravendb.client</Filter>
    </ClInclude>
    <ClInclude Include="MoreLikeThisScope.h">
      <Filter>ravendb.client\documents\queries\more_like_this</Filter>
    </ClInclude>
    <ClInclude Include="MoreLikeThisOptions.h">
      <Filter>ravendb.client\documents\queries\more_like_this</Filter>
    </ClInclude>
    <ClInclude Include="QueryFieldUtil.h">
      <Filter>ravendb.client\documents\queries</Filter>
    </ClInclude>
    <ClInclude Include="WhereParams.h">
      <Filter>ravendb.client\documents\session</Filter>
    </ClInclude>
    <ClInclude Include="MethodCall.h">
      <Filter>ravendb.client\documents\session</Filter>
    </ClInclude>
    <ClInclude Include="CmpXchg.h">
      <Filter>ravendb.client\documents\session</Filter>
    </ClInclude>
    <ClInclude Include="QueryTimings.h">
      <Filter>ravendb.client\documents\queries\timings</Filter>
    </ClInclude>
    <ClInclude Include="QueryHighlightings.h">
      <Filter>ravendb.client\documents\queries\highlighting</Filter>
    </ClInclude>
    <ClInclude Include="Highlightings.h">
      <Filter>ravendb.client\documents\queries\highlighting</Filter>
    </ClInclude>
    <ClInclude Include="Explanations.h">
      <Filter>ravendb.client\documents\queries\explanation</Filter>
    </ClInclude>
    <ClInclude Include="QueryData.h">
      <Filter>ravendb.client\documents\queries</Filter>
    </ClInclude>
    <ClInclude Include="HighlightingOptions.h">
      <Filter>ravendb.client\documents\queries\highlighting</Filter>
    </ClInclude>
    <ClInclude Include="SuggestionBase.h">
      <Filter>ravendb.client\documents\queries\suggestions</Filter>
    </ClInclude>
    <ClInclude Include="SuggestionOptions.h">
      <Filter>ravendb.client\documents\queries\suggestions</Filter>
    </ClInclude>
    <ClInclude Include="StringDistanceTypes.h">
      <Filter>ravendb.client\documents\queries\suggestions</Filter>
    </ClInclude>
    <ClInclude Include="SuggestionSortMode.h">
      <Filter>ravendb.client\documents\queries\suggestions</Filter>
    </ClInclude>
    <ClInclude Include="SuggestionWithTerm.h">
      <Filter>ravendb.client\documents\queries\suggestions</Filter>
    </ClInclude>
    <ClInclude Include="SuggestionWithTerms.h">
      <Filter>ravendb.client\documents\queries\suggestions</Filter>
    </ClInclude>
    <ClInclude Include="ExplanationOptions.h">
      <Filter>ravendb.client\documents\queries\explanation</Filter>
    </ClInclude>
    <ClInclude Include="SpatialCriteria.h">
      <Filter>ravendb.client\documents\queries\spatial</Filter>
    </ClInclude>
    <ClInclude Include="AutoSpatialMethodType.h">
      <Filter>ravendb.client\documents\indexes\spatial</Filter>
    </ClInclude>
    <ClInclude Include="AutoSpatialOptions.h">
      <Filter>ravendb.client\documents\indexes\spatial</Filter>
    </ClInclude>
    <ClInclude Include="CircleCriteria.h">
      <Filter>ravendb.client\documents\queries\spatial</Filter>
    </ClInclude>
    <ClInclude Include="DynamicSpatialField.h">
      <Filter>ravendb.client\documents\queries\spatial</Filter>
    </ClInclude>
    <ClInclude Include="PointField.h">
      <Filter>ravendb.client\documents\queries\spatial</Filter>
    </ClInclude>
    <ClInclude Include="SpatialCriteriaFactory.h">
      <Filter>ravendb.client\documents\queries\spatial</Filter>
    </ClInclude>
    <ClInclude Include="WktCriteria.h">
      <Filter>ravendb.client\documents\queries\spatial</Filter>
    </ClInclude>
    <ClInclude Include="WktField.h">
      <Filter>ravendb.client\documents\queries\spatial</Filter>
    </ClInclude>
    <ClInclude Include="MoreLikeThisBase.h">
      <Filter>ravendb.client\documents\queries\more_like_this</Filter>
    </ClInclude>
    <ClInclude Include="IEnumerableQuery.h">
      <Filter>ravendb.client\documents\session</Filter>
    </ClInclude>
    <ClInclude Include="MoreLikeThisUsingDocument.h">
      <Filter>ravendb.client\documents\queries\more_like_this</Filter>
    </ClInclude>
    <ClInclude Include="MoreLikeThisUsingAnyDocument.h">
      <Filter>ravendb.client\documents\queries\more_like_this</Filter>
    </ClInclude>
    <ClInclude Include="MoreLikeThisUsingDocumentForDocumentQuery.h">
      <Filter>ravendb.client\documents\queries\more_like_this</Filter>
    </ClInclude>
    <ClInclude Include="IGroupByDocumentQuery.h">
      <Filter>ravendb.client\documents\session</Filter>
    </ClInclude>
    <ClInclude Include="GroupByDocumentQuery.h">
      <Filter>ravendb.client\documents\session</Filter>
    </ClInclude>
    <ClInclude Include="GroupByField.h">
      <Filter>ravendb.client\documents\session</Filter>
    </ClInclude>
    <ClInclude Include="EventHelper.h">
      <Filter>ravendb.client\primitives</Filter>
    </ClInclude>
    <ClInclude Include="LoadStartingWithOperation.h">
      <Filter>ravendb.client\documents\session\operations</Filter>
    </ClInclude>
    <ClInclude Include="LazyStartsWithOperation.h">
      <Filter>ravendb.client\documents\session\operations\lazy</Filter>
    </ClInclude>
    <ClInclude Include="Timer.h">
      <Filter>ravendb.client\primitives</Filter>
    </ClInclude>
    <ClInclude Include="NodeStatus.h">
      <Filter>ravendb.client\http</Filter>
    </ClInclude>
    <ClInclude Include="IExecutorService.h">
      <Filter>ravendb.client\primitives</Filter>
    </ClInclude>
    <ClInclude Include="TasksExecutor.h">
      <Filter>ravendb.client\impl</Filter>
    </ClInclude>
    <ClInclude Include="TasksScheduler.h">
      <Filter>ravendb.client\impl</Filter>
    </ClInclude>
    <ClInclude Include="NodeSelector.h">
      <Filter>ravendb.client\http</Filter>
    </ClInclude>
    <ClInclude Include="CurrentIndexAndNode.h">
      <Filter>ravendb.client\http</Filter>
    </ClInclude>
    <ClInclude Include="CurlResponse.h">
      <Filter>ravendb.client\impl</Filter>
    </ClInclude>
    <ClInclude Include="GroupBy.h">
      <Filter>ravendb.client\documents\queries</Filter>
    </ClInclude>
    <ClInclude Include="QueryStatistics.h">
      <Filter>ravendb.client\documents\session</Filter>
    </ClInclude>
    <ClInclude Include="http_extensions.h">
      <Filter>ravendb.client\extensions</Filter>
    </ClInclude>
    <ClInclude Include="ResponseDisposeHandling.h">
      <Filter>ravendb.client\http</Filter>
    </ClInclude>
  </ItemGroup>
  <ItemGroup>
    <Filter Include="ravendb.client">
      <UniqueIdentifier>{205cad75-485c-4624-8f49-9fb83e2ae2e0}</UniqueIdentifier>
    </Filter>
    <Filter Include="ravendb.client\http">
      <UniqueIdentifier>{fde1868f-065b-4133-a445-900bb9420af0}</UniqueIdentifier>
    </Filter>
    <Filter Include="ravendb.client\impl">
      <UniqueIdentifier>{148b4786-012f-449c-8f26-76c96056b090}</UniqueIdentifier>
    </Filter>
    <Filter Include="ravendb.client\serverwide">
      <UniqueIdentifier>{5a66cb10-06d5-4339-9c55-467954b9c960}</UniqueIdentifier>
    </Filter>
    <Filter Include="ravendb.client\serverwide\operations">
      <UniqueIdentifier>{fbea63ef-9b00-4a69-bc13-d2594deea520}</UniqueIdentifier>
    </Filter>
    <Filter Include="ravendb.client\documents">
      <UniqueIdentifier>{61f0210b-8617-450c-b655-6f8c6c4ed95e}</UniqueIdentifier>
    </Filter>
    <Filter Include="ravendb.client\documents\commands">
      <UniqueIdentifier>{c1f5fb65-200e-4562-addb-8b08047b3cfe}</UniqueIdentifier>
    </Filter>
    <Filter Include="ravendb.client\serverwide\commands">
      <UniqueIdentifier>{c3ec07f1-e6f1-45ec-a78b-24adaa40acc9}</UniqueIdentifier>
    </Filter>
    <Filter Include="ravendb.client\documents\commands\batches">
      <UniqueIdentifier>{09c4d4e2-3816-4176-9509-013dcd701c91}</UniqueIdentifier>
    </Filter>
    <Filter Include="ravendb.client\documents\indexes">
      <UniqueIdentifier>{1f19fda7-12b4-4600-bed1-6eef8dcf37e5}</UniqueIdentifier>
    </Filter>
    <Filter Include="ravendb.client\documents\operations">
      <UniqueIdentifier>{a1a246e0-8146-48da-9439-5f8f84c28cd5}</UniqueIdentifier>
    </Filter>
    <Filter Include="ravendb.client\documents\conventions">
      <UniqueIdentifier>{884d90df-d166-4ea3-9805-56767df2d865}</UniqueIdentifier>
    </Filter>
    <Filter Include="ravendb.client\documents\operations\indexes">
      <UniqueIdentifier>{adedf68a-4548-4041-977c-2af8bbe017f3}</UniqueIdentifier>
    </Filter>
    <Filter Include="ravendb.client\documents\queries">
      <UniqueIdentifier>{b7013a9f-b50d-47d9-a2cd-aa57a5f1de90}</UniqueIdentifier>
    </Filter>
    <Filter Include="ravendb.client\documents\session">
      <UniqueIdentifier>{2b6b9f90-4eb2-4bdd-aa0a-ccf888f0e506}</UniqueIdentifier>
    </Filter>
    <Filter Include="ravendb.client\documents\session\operations">
      <UniqueIdentifier>{e68ffdcc-7fc1-4497-b33e-8f9b53ce2ea0}</UniqueIdentifier>
    </Filter>
    <Filter Include="ravendb.client\json">
      <UniqueIdentifier>{1980ad8f-3fd8-4d41-9c28-4dedb33184b7}</UniqueIdentifier>
    </Filter>
    <Filter Include="ravendb.client\documents\session\loaders">
      <UniqueIdentifier>{a1d828d5-98a3-4f57-a8e4-d988cb652873}</UniqueIdentifier>
    </Filter>
    <Filter Include="ravendb.client\documents\session\tokens">
      <UniqueIdentifier>{9c81b735-b376-4497-a085-28da06280d81}</UniqueIdentifier>
    </Filter>
    <Filter Include="ravendb.client\documents\session\operations\lazy">
      <UniqueIdentifier>{2b11d001-a6ff-4d96-a0ac-1a0550a46792}</UniqueIdentifier>
    </Filter>
    <Filter Include="ravendb.client\documents\commands\multy_get">
      <UniqueIdentifier>{ac28e723-72be-46e9-af92-8114753c5bad}</UniqueIdentifier>
    </Filter>
    <Filter Include="ravendb.client\documents\operations\configuration">
      <UniqueIdentifier>{1168f432-954f-4e6e-8201-125f19497297}</UniqueIdentifier>
    </Filter>
    <Filter Include="ravendb.client\documents\identity">
      <UniqueIdentifier>{18798fdf-15e7-4c7a-ac4d-6c63a22299e9}</UniqueIdentifier>
    </Filter>
    <Filter Include="ravendb.client\documents\queries\more_like_this">
      <UniqueIdentifier>{03429e34-9f3f-4913-99f5-bfea02028009}</UniqueIdentifier>
    </Filter>
    <Filter Include="ravendb.client\documents\queries\timings">
      <UniqueIdentifier>{6aabff22-0a71-4340-af41-f5f06f823940}</UniqueIdentifier>
    </Filter>
    <Filter Include="ravendb.client\documents\queries\highlighting">
      <UniqueIdentifier>{0afda915-635f-40ac-a012-e2c1ffd09925}</UniqueIdentifier>
    </Filter>
    <Filter Include="ravendb.client\documents\queries\explanation">
      <UniqueIdentifier>{5a4ed64d-0750-4963-801e-761efaea8233}</UniqueIdentifier>
    </Filter>
    <Filter Include="ravendb.client\documents\queries\suggestions">
      <UniqueIdentifier>{97e45c52-8273-464b-aeb2-322805d3fa1b}</UniqueIdentifier>
    </Filter>
    <Filter Include="ravendb.client\documents\queries\spatial">
      <UniqueIdentifier>{af1233a9-d041-454e-b29f-5bee1a9c1445}</UniqueIdentifier>
    </Filter>
    <Filter Include="ravendb.client\documents\indexes\spatial">
      <UniqueIdentifier>{5eaed6e9-3163-4e30-ba67-6c03511ef765}</UniqueIdentifier>
    </Filter>
    <Filter Include="ravendb.client\primitives">
      <UniqueIdentifier>{3010f232-dc37-453f-b74c-233ab5cafde7}</UniqueIdentifier>
    </Filter>
    <Filter Include="ravendb.client\extensions">
      <UniqueIdentifier>{6e1c886e-3892-4ac6-8638-a48990d1667a}</UniqueIdentifier>
    </Filter>
  </ItemGroup>
</Project>